
Microsoft Visual Studio Solution File, Format Version 12.00
# Visual Studio Version 16
VisualStudioVersion = 16.0.30317.65
MinimumVisualStudioVersion = 10.0.40219.1
Project("{9A19103F-16F7-4668-BE54-9A1E7A4F7556}") = "LaureanoNews", "LaureanoNews\LaureanoNews.csproj", "{517D0F8E-A856-408A-A703-04AA18A68B30}"
EndProject
Project("{9A19103F-16F7-4668-BE54-9A1E7A4F7556}") = "LaureanoNews.Model", "LaureanoNews.Model\LaureanoNews.Model.csproj", "{68FA6306-AB86-42E2-ACBA-9AE6E6693450}"
EndProject
Project("{9A19103F-16F7-4668-BE54-9A1E7A4F7556}") = "LaureanoNews.Data.Dapper", "LaureanoNews.Data.Dapper\LaureanoNews.Data.Dapper.csproj", "{E07B910A-5D58-4835-A2DF-E54A6119DE5E}"
EndProject
Global
	GlobalSection(SolutionConfigurationPlatforms) = preSolution
		Debug|Any CPU = Debug|Any CPU
		Release|Any CPU = Release|Any CPU
	EndGlobalSection
	GlobalSection(ProjectConfigurationPlatforms) = postSolution
		{517D0F8E-A856-408A-A703-04AA18A68B30}.Debug|Any CPU.ActiveCfg = Debug|Any CPU
		{517D0F8E-A856-408A-A703-04AA18A68B30}.Debug|Any CPU.Build.0 = Debug|Any CPU
		{517D0F8E-A856-408A-A703-04AA18A68B30}.Release|Any CPU.ActiveCfg = Release|Any CPU
		{517D0F8E-A856-408A-A703-04AA18A68B30}.Release|Any CPU.Build.0 = Release|Any CPU
		{68FA6306-AB86-42E2-ACBA-9AE6E6693450}.Debug|Any CPU.ActiveCfg = Debug|Any CPU
		{68FA6306-AB86-42E2-ACBA-9AE6E6693450}.Debug|Any CPU.Build.0 = Debug|Any CPU
		{68FA6306-AB86-42E2-ACBA-9AE6E6693450}.Release|Any CPU.ActiveCfg = Release|Any CPU
		{68FA6306-AB86-42E2-ACBA-9AE6E6693450}.Release|Any CPU.Build.0 = Release|Any CPU
		{E07B910A-5D58-4835-A2DF-E54A6119DE5E}.Debug|Any CPU.ActiveCfg = Debug|Any CPU
		{E07B910A-5D58-4835-A2DF-E54A6119DE5E}.Debug|Any CPU.Build.0 = Debug|Any CPU
		{E07B910A-5D58-4835-A2DF-E54A6119DE5E}.Release|Any CPU.ActiveCfg = Release|Any CPU
		{E07B910A-5D58-4835-A2DF-E54A6119DE5E}.Release|Any CPU.Build.0 = Release|Any CPU
	EndGlobalSection
	GlobalSection(SolutionProperties) = preSolution
		HideSolutionNode = FALSE
	EndGlobalSection
	GlobalSection(ExtensibilityGlobals) = postSolution
		SolutionGuid = {DB045D3E-3656-4A8C-90BE-ECF08D368D0B}
	EndGlobalSection
EndGlobal
